// !$*UTF8*$!
{
	archiveVersion = 1;
	classes = {
	};
	objectVersion = 50;
	objects = {

/* Begin PBXBuildFile section */
		EA452BFF256FD4270061ACCD /* textFieldApp.swift in Sources */ = {isa = PBXBuildFile; fileRef = EA452BFE256FD4270061ACCD /* textFieldApp.swift */; };
		EA452C01256FD4270061ACCD /* ContentView.swift in Sources */ = {isa = PBXBuildFile; fileRef = EA452C00256FD4270061ACCD /* ContentView.swift */; };
		EA452C03256FD4280061ACCD /* Assets.xcassets in Resources */ = {isa = PBXBuildFile; fileRef = EA452C02256FD4280061ACCD /* Assets.xcassets */; };
		EA452C06256FD4280061ACCD /* Preview Assets.xcassets in Resources */ = {isa = PBXBuildFile; fileRef = EA452C05256FD4280061ACCD /* Preview Assets.xcassets */; };
		EA452C11256FD4280061ACCD /* textFieldTests.swift in Sources */ = {isa = PBXBuildFile; fileRef = EA452C10256FD4280061ACCD /* textFieldTests.swift */; };
		EA452C1C256FD4280061ACCD /* textFieldUITests.swift in Sources */ = {isa = PBXBuildFile; fileRef = EA452C1B256FD4280061ACCD /* textFieldUITests.swift */; };
/* End PBXBuildFile section */

/* Begin PBXContainerItemProxy section */
		EA452C0D256FD4280061ACCD /* PBXContainerItemProxy */ = {
			isa = PBXContainerItemProxy;
			containerPortal = EA452BF3256FD4270061ACCD /* Project object */;
			proxyType = 1;
			remoteGlobalIDString = EA452BFA256FD4270061ACCD;
			remoteInfo = textField;
		};
		EA452C18256FD4280061ACCD /* PBXContainerItemProxy */ = {
			isa = PBXContainerItemProxy;
			containerPortal = EA452BF3256FD4270061ACCD /* Project object */;
			proxyType = 1;
			remoteGlobalIDString = EA452BFA256FD4270061ACCD;
			remoteInfo = textField;
		};
/* End PBXContainerItemProxy section */

/* Begin PBXFileReference section */
		EA452BFB256FD4270061ACCD /* textField.app */ = {isa = PBXFileReference; explicitFileType = wrapper.application; includeInIndex = 0; path = textField.app; sourceTree = BUILT_PRODUCTS_DIR; };
		EA452BFE256FD4270061ACCD /* textFieldApp.swift */ = {isa = PBXFileReference; lastKnownFileType = sourcecode.swift; path = textFieldApp.swift; sourceTree = "<group>"; };
		EA452C00256FD4270061ACCD /* ContentView.swift */ = {isa = PBXFileReference; lastKnownFileType = sourcecode.swift; path = ContentView.swift; sourceTree = "<group>"; };
		EA452C02256FD4280061ACCD /* Assets.xcassets */ = {isa = PBXFileReference; lastKnownFileType = folder.assetcatalog; path = Assets.xcassets; sourceTree = "<group>"; };
		EA452C05256FD4280061ACCD /* Preview Assets.xcassets */ = {isa = PBXFileReference; lastKnownFileType = folder.assetcatalog; path = "Preview Assets.xcassets"; sourceTree = "<group>"; };
		EA452C07256FD4280061ACCD /* Info.plist */ = {isa = PBXFileReference; lastKnownFileType = text.plist.xml; path = Info.plist; sourceTree = "<group>"; };
		EA452C0C256FD4280061ACCD /* textFieldTests.xctest */ = {isa = PBXFileReference; explicitFileType = wrapper.cfbundle; includeInIndex = 0; path = textFieldTests.xctest; sourceTree = BUILT_PRODUCTS_DIR; };
		EA452C10256FD4280061ACCD /* textFieldTests.swift */ = {isa = PBXFileReference; lastKnownFileType = sourcecode.swift; path = textFieldTests.swift; sourceTree = "<group>"; };
		EA452C12256FD4280061ACCD /* Info.plist */ = {isa = PBXFileReference; lastKnownFileType = text.plist.xml; path = Info.plist; sourceTree = "<group>"; };
		EA452C17256FD4280061ACCD /* textFieldUITests.xctest */ = {isa = PBXFileReference; explicitFileType = wrapper.cfbundle; includeInIndex = 0; path = textFieldUITests.xctest; sourceTree = BUILT_PRODUCTS_DIR; };
		EA452C1B256FD4280061ACCD /* textFieldUITests.swift */ = {isa = PBXFileReference; lastKnownFileType = sourcecode.swift; path = textFieldUITests.swift; sourceTree = "<group>"; };
		EA452C1D256FD4280061ACCD /* Info.plist */ = {isa = PBXFileReference; lastKnownFileType = text.plist.xml; path = Info.plist; sourceTree = "<group>"; };
/* End PBXFileReference section */

/* Begin PBXFrameworksBuildPhase section */
		EA452BF8256FD4270061ACCD /* Frameworks */ = {
			isa = PBXFrameworksBuildPhase;
			buildActionMask = 2147483647;
			files = (
			);
			runOnlyForDeploymentPostprocessing = 0;
		};
		EA452C09256FD4280061ACCD /* Frameworks */ = {
			isa = PBXFrameworksBuildPhase;
			buildActionMask = 2147483647;
			files = (
			);
			runOnlyForDeploymentPostprocessing = 0;
		};
		EA452C14256FD4280061ACCD /* Frameworks */ = {
			isa = PBXFrameworksBuildPhase;
			buildActionMask = 2147483647;
			files = (
			);
			runOnlyForDeploymentPostprocessing = 0;
		};
/* End PBXFrameworksBuildPhase section */

/* Begin PBXGroup section */
		EA452BF2256FD4270061ACCD = {
			isa = PBXGroup;
			children = (
				EA452BFD256FD4270061ACCD /* textField */,
				EA452C0F256FD4280061ACCD /* textFieldTests */,
				EA452C1A256FD4280061ACCD /* textFieldUITests */,
				EA452BFC256FD4270061ACCD /* Products */,
			);
			sourceTree = "<group>";
		};
		EA452BFC256FD4270061ACCD /* Products */ = {
			isa = PBXGroup;
			children = (
				EA452BFB256FD4270061ACCD /* textField.app */,
				EA452C0C256FD4280061ACCD /* textFieldTests.xctest */,
				EA452C17256FD4280061ACCD /* textFieldUITests.xctest */,
			);
			name = Products;
			sourceTree = "<group>";
		};
		EA452BFD256FD4270061ACCD /* textField */ = {
			isa = PBXGroup;
			children = (
				EA452BFE256FD4270061ACCD /* textFieldApp.swift */,
				EA452C00256FD4270061ACCD /* ContentView.swift */,
				EA452C02256FD4280061ACCD /* Assets.xcassets */,
				EA452C07256FD4280061ACCD /* Info.plist */,
				EA452C04256FD4280061ACCD /* Preview Content */,
			);
			path = textField;
			sourceTree = "<group>";
		};
		EA452C04256FD4280061ACCD /* Preview Content */ = {
			isa = PBXGroup;
			children = (
				EA452C05256FD4280061ACCD /* Preview Assets.xcassets */,
			);
			path = "Preview Content";
			sourceTree = "<group>";
		};
		EA452C0F256FD4280061ACCD /* textFieldTests */ = {
			isa = PBXGroup;
			children = (
				EA452C10256FD4280061ACCD /* textFieldTests.swift */,
				EA452C12256FD4280061ACCD /* Info.plist */,
			);
			path = textFieldTests;
			sourceTree = "<group>";
		};
		EA452C1A256FD4280061ACCD /* textFieldUITests */ = {
			isa = PBXGroup;
			children = (
				EA452C1B256FD4280061ACCD /* textFieldUITests.swift */,
				EA452C1D256FD4280061ACCD /* Info.plist */,
			);
			path = textFieldUITests;
			sourceTree = "<group>";
		};
/* End PBXGroup section */

/* Begin PBXNativeTarget section */
		EA452BFA256FD4270061ACCD /* textField */ = {
			isa = PBXNativeTarget;
			buildConfigurationList = EA452C20256FD4280061ACCD /* Build configuration list for PBXNativeTarget "textField" */;
			buildPhases = (
				EA452BF7256FD4270061ACCD /* Sources */,
				EA452BF8256FD4270061ACCD /* Frameworks */,
				EA452BF9256FD4270061ACCD /* Resources */,
			);
			buildRules = (
			);
			dependencies = (
			);
			name = textField;
			productName = textField;
			productReference = EA452BFB256FD4270061ACCD /* textField.app */;
			productType = "com.apple.product-type.application";
		};
		EA452C0B256FD4280061ACCD /* textFieldTests */ = {
			isa = PBXNativeTarget;
			buildConfigurationList = EA452C23256FD4280061ACCD /* Build configuration list for PBXNativeTarget "textFieldTests" */;
			buildPhases = (
				EA452C08256FD4280061ACCD /* Sources */,
				EA452C09256FD4280061ACCD /* Frameworks */,
				EA452C0A256FD4280061ACCD /* Resources */,
			);
			buildRules = (
			);
			dependencies = (
				EA452C0E256FD4280061ACCD /* PBXTargetDependency */,
			);
			name = textFieldTests;
			productName = textFieldTests;
			productReference = EA452C0C256FD4280061ACCD /* textFieldTests.xctest */;
			productType = "com.apple.product-type.bundle.unit-test";
		};
		EA452C16256FD4280061ACCD /* textFieldUITests */ = {
			isa = PBXNativeTarget;
			buildConfigurationList = EA452C26256FD4280061ACCD /* Build configuration list for PBXNativeTarget "textFieldUITests" */;
			buildPhases = (
				EA452C13256FD4280061ACCD /* Sources */,
				EA452C14256FD4280061ACCD /* Frameworks */,
				EA452C15256FD4280061ACCD /* Resources */,
			);
			buildRules = (
			);
			dependencies = (
				EA452C19256FD4280061ACCD /* PBXTargetDependency */,
			);
			name = textFieldUITests;
			productName = textFieldUITests;
			productReference = EA452C17256FD4280061ACCD /* textFieldUITests.xctest */;
			productType = "com.apple.product-type.bundle.ui-testing";
		};
/* End PBXNativeTarget section */

/* Begin PBXProject section */
		EA452BF3256FD4270061ACCD /* Project object */ = {
			isa = PBXProject;
			attributes = {
				LastSwiftUpdateCheck = 1220;
				LastUpgradeCheck = 1220;
				TargetAttributes = {
					EA452BFA256FD4270061ACCD = {
						CreatedOnToolsVersion = 12.2;
					};
					EA452C0B256FD4280061ACCD = {
						CreatedOnToolsVersion = 12.2;
						TestTargetID = EA452BFA256FD4270061ACCD;
					};
					EA452C16256FD4280061ACCD = {
						CreatedOnToolsVersion = 12.2;
						TestTargetID = EA452BFA256FD4270061ACCD;
					};
				};
			};
			buildConfigurationList = EA452BF6256FD4270061ACCD /* Build configuration list for PBXProject "textField" */;
			compatibilityVersion = "Xcode 9.3";
			developmentRegion = en;
			hasScannedForEncodings = 0;
			knownRegions = (
				en,
				Base,
			);
			mainGroup = EA452BF2256FD4270061ACCD;
			productRefGroup = EA452BFC256FD4270061ACCD /* Products */;
			projectDirPath = "";
			projectRoot = "";
			targets = (
				EA452BFA256FD4270061ACCD /* textField */,
				EA452C0B256FD4280061ACCD /* textFieldTests */,
				EA452C16256FD4280061ACCD /* textFieldUITests */,
			);
		};
/* End PBXProject section */

/* Begin PBXResourcesBuildPhase section */
		EA452BF9256FD4270061ACCD /* Resources */ = {
			isa = PBXResourcesBuildPhase;
			buildActionMask = 2147483647;
			files = (
				EA452C06256FD4280061ACCD /* Preview Assets.xcassets in Resources */,
				EA452C03256FD4280061ACCD /* Assets.xcassets in Resources */,
			);
			runOnlyForDeploymentPostprocessing = 0;
		};
		EA452C0A256FD4280061ACCD /* Resources */ = {
			isa = PBXResourcesBuildPhase;
			buildActionMask = 2147483647;
			files = (
			);
			runOnlyForDeploymentPostprocessing = 0;
		};
		EA452C15256FD4280061ACCD /* Resources */ = {
			isa = PBXResourcesBuildPhase;
			buildActionMask = 2147483647;
			files = (
			);
			runOnlyForDeploymentPostprocessing = 0;
		};
/* End PBXResourcesBuildPhase section */

/* Begin PBXSourcesBuildPhase section */
		EA452BF7256FD4270061ACCD /* Sources */ = {
			isa = PBXSourcesBuildPhase;
			buildActionMask = 2147483647;
			files = (
				EA452C01256FD4270061ACCD /* ContentView.swift in Sources */,
				EA452BFF256FD4270061ACCD /* textFieldApp.swift in Sources */,
			);
			runOnlyForDeploymentPostprocessing = 0;
		};
		EA452C08256FD4280061ACCD /* Sources */ = {
			isa = PBXSourcesBuildPhase;
			buildActionMask = 2147483647;
			files = (
				EA452C11256FD4280061ACCD /* textFieldTests.swift in Sources */,
			);
			runOnlyForDeploymentPostprocessing = 0;
		};
		EA452C13256FD4280061ACCD /* Sources */ = {
			isa = PBXSourcesBuildPhase;
			buildActionMask = 2147483647;
			files = (
				EA452C1C256FD4280061ACCD /* textFieldUITests.swift in Sources */,
			);
			runOnlyForDeploymentPostprocessing = 0;
		};
/* End PBXSourcesBuildPhase section */

/* Begin PBXTargetDependency section */
		EA452C0E256FD4280061ACCD /* PBXTargetDependency */ = {
			isa = PBXTargetDependency;
			target = EA452BFA256FD4270061ACCD /* textField */;
			targetProxy = EA452C0D256FD4280061ACCD /* PBXContainerItemProxy */;
		};
		EA452C19256FD4280061ACCD /* PBXTargetDependency */ = {
			isa = PBXTargetDependency;
			target = EA452BFA256FD4270061ACCD /* textField */;
			targetProxy = EA452C18256FD4280061ACCD /* PBXContainerItemProxy */;
		};
/* End PBXTargetDependency section */

/* Begin XCBuildConfiguration section */
		EA452C1E256FD4280061ACCD /* Debug */ = {
			isa = XCBuildConfiguration;
			buildSettings = {
				ALWAYS_SEARCH_USER_PATHS = NO;
				CLANG_ANALYZER_NONNULL = YES;
				CLANG_ANALYZER_NUMBER_OBJECT_CONVERSION = YES_AGGRESSIVE;
				CLANG_CXX_LANGUAGE_STANDARD = "gnu++14";
				CLANG_CXX_LIBRARY = "libc++";
				CLANG_ENABLE_MODULES = YES;
				CLANG_ENABLE_OBJC_ARC = YES;
				CLANG_ENABLE_OBJC_WEAK = YES;
				CLANG_WARN_BLOCK_CAPTURE_AUTORELEASING = YES;
				CLANG_WARN_BOOL_CONVERSION = YES;
				CLANG_WARN_COMMA = YES;
				CLANG_WARN_CONSTANT_CONVERSION = YES;
				CLANG_WARN_DEPRECATED_OBJC_IMPLEMENTATIONS = YES;
				CLANG_WARN_DIRECT_OBJC_ISA_USAGE = YES_ERROR;
				CLANG_WARN_DOCUMENTATION_COMMENTS = YES;
				CLANG_WARN_EMPTY_BODY = YES;
				CLANG_WARN_ENUM_CONVERSION = YES;
				CLANG_WARN_INFINITE_RECURSION = YES;
				CLANG_WARN_INT_CONVERSION = YES;
				CLANG_WARN_NON_LITERAL_NULL_CONVERSION = YES;
				CLANG_WARN_OBJC_IMPLICIT_RETAIN_SELF = YES;
				CLANG_WARN_OBJC_LITERAL_CONVERSION = YES;
				CLANG_WARN_OBJC_ROOT_CLASS = YES_ERROR;
				CLANG_WARN_QUOTED_INCLUDE_IN_FRAMEWORK_HEADER = YES;
				CLANG_WARN_RANGE_LOOP_ANALYSIS = YES;
				CLANG_WARN_STRICT_PROTOTYPES = YES;
				CLANG_WARN_SUSPICIOUS_MOVE = YES;
				CLANG_WARN_UNGUARDED_AVAILABILITY = YES_AGGRESSIVE;
				CLANG_WARN_UNREACHABLE_CODE = YES;
				CLANG_WARN__DUPLICATE_METHOD_MATCH = YES;
				COPY_PHASE_STRIP = NO;
				DEBUG_INFORMATION_FORMAT = dwarf;
				ENABLE_STRICT_OBJC_MSGSEND = YES;
				ENABLE_TESTABILITY = YES;
				GCC_C_LANGUAGE_STANDARD = gnu11;
				GCC_DYNAMIC_NO_PIC = NO;
				GCC_NO_COMMON_BLOCKS = YES;
				GCC_OPTIMIZATION_LEVEL = 0;
				GCC_PREPROCESSOR_DEFINITIONS = (
					"DEBUG=1",
					"$(inherited)",
				);
				GCC_WARN_64_TO_32_BIT_CONVERSION = YES;
				GCC_WARN_ABOUT_RETURN_TYPE = YES_ERROR;
				GCC_WARN_UNDECLARED_SELECTOR = YES;
				GCC_WARN_UNINITIALIZED_AUTOS = YES_AGGRESSIVE;
				GCC_WARN_UNUSED_FUNCTION = YES;
				GCC_WARN_UNUSED_VARIABLE = YES;
				IPHONEOS_DEPLOYMENT_TARGET = 14.2;
				MTL_ENABLE_DEBUG_INFO = INCLUDE_SOURCE;
				MTL_FAST_MATH = YES;
				ONLY_ACTIVE_ARCH = YES;
				SDKROOT = iphoneos;
				SWIFT_ACTIVE_COMPILATION_CONDITIONS = DEBUG;
				SWIFT_OPTIMIZATION_LEVEL = "-Onone";
			};
			name = Debug;
		};
		EA452C1F256FD4280061ACCD /* Release */ = {
			isa = XCBuildConfiguration;
			buildSettings = {
				ALWAYS_SEARCH_USER_PATHS = NO;
				CLANG_ANALYZER_NONNULL = YES;
				CLANG_ANALYZER_NUMBER_OBJECT_CONVERSION = YES_AGGRESSIVE;
				CLANG_CXX_LANGUAGE_STANDARD = "gnu++14";
				CLANG_CXX_LIBRARY = "libc++";
				CLANG_ENABLE_MODULES = YES;
				CLANG_ENABLE_OBJC_ARC = YES;
				CLANG_ENABLE_OBJC_WEAK = YES;
				CLANG_WARN_BLOCK_CAPTURE_AUTORELEASING = YES;
				CLANG_WARN_BOOL_CONVERSION = YES;
				CLANG_WARN_COMMA = YES;
				CLANG_WARN_CONSTANT_CONVERSION = YES;
				CLANG_WARN_DEPRECATED_OBJC_IMPLEMENTATIONS = YES;
				CLANG_WARN_DIRECT_OBJC_ISA_USAGE = YES_ERROR;
				CLANG_WARN_DOCUMENTATION_COMMENTS = YES;
				CLANG_WARN_EMPTY_BODY = YES;
				CLANG_WARN_ENUM_CONVERSION = YES;
				CLANG_WARN_INFINITE_RECURSION = YES;
				CLANG_WARN_INT_CONVERSION = YES;
				CLANG_WARN_NON_LITERAL_NULL_CONVERSION = YES;
				CLANG_WARN_OBJC_IMPLICIT_RETAIN_SELF = YES;
				CLANG_WARN_OBJC_LITERAL_CONVERSION = YES;
				CLANG_WARN_OBJC_ROOT_CLASS = YES_ERROR;
				CLANG_WARN_QUOTED_INCLUDE_IN_FRAMEWORK_HEADER = YES;
				CLANG_WARN_RANGE_LOOP_ANALYSIS = YES;
				CLANG_WARN_STRICT_PROTOTYPES = YES;
				CLANG_WARN_SUSPICIOUS_MOVE = YES;
				CLANG_WARN_UNGUARDED_AVAILABILITY = YES_AGGRESSIVE;
				CLANG_WARN_UNREACHABLE_CODE = YES;
				CLANG_WARN__DUPLICATE_METHOD_MATCH = YES;
				COPY_PHASE_STRIP = NO;
				DEBUG_INFORMATION_FORMAT = "dwarf-with-dsym";
				ENABLE_NS_ASSERTIONS = NO;
				ENABLE_STRICT_OBJC_MSGSEND = YES;
				GCC_C_LANGUAGE_STANDARD = gnu11;
				GCC_NO_COMMON_BLOCKS = YES;
				GCC_WARN_64_TO_32_BIT_CONVERSION = YES;
				GCC_WARN_ABOUT_RETURN_TYPE = YES_ERROR;
				GCC_WARN_UNDECLARED_SELECTOR = YES;
				GCC_WARN_UNINITIALIZED_AUTOS = YES_AGGRESSIVE;
				GCC_WARN_UNUSED_FUNCTION = YES;
				GCC_WARN_UNUSED_VARIABLE = YES;
				IPHONEOS_DEPLOYMENT_TARGET = 14.2;
				MTL_ENABLE_DEBUG_INFO = NO;
				MTL_FAST_MATH = YES;
				SDKROOT = iphoneos;
				SWIFT_COMPILATION_MODE = wholemodule;
				SWIFT_OPTIMIZATION_LEVEL = "-O";
				VALIDATE_PRODUCT = YES;
			};
			name = Release;
		};
		EA452C21256FD4280061ACCD /* Debug */ = {
			isa = XCBuildConfiguration;
			buildSettings = {
				ASSETCATALOG_COMPILER_APPICON_NAME = AppIcon;
				ASSETCATALOG_COMPILER_GLOBAL_ACCENT_COLOR_NAME = AccentColor;
				CODE_SIGN_STYLE = Automatic;
				DEVELOPMENT_ASSET_PATHS = "\"textField/Preview Content\"";
				ENABLE_PREVIEWS = YES;
				INFOPLIST_FILE = textField/Info.plist;
				IPHONEOS_DEPLOYMENT_TARGET = 14.0;
				LD_RUNPATH_SEARCH_PATHS = (
					"$(inherited)",
					"@executable_path/Frameworks",
				);
				PRODUCT_BUNDLE_IDENTIFIER = "Juicy-Call.textField";
				PRODUCT_NAME = "$(TARGET_NAME)";
				SWIFT_VERSION = 5.0;
				TARGETED_DEVICE_FAMILY = "1,2";
			};
			name = Debug;
		};
		EA452C22256FD4280061ACCD /* Release */ = {
			isa = XCBuildConfiguration;
			buildSettings = {
				ASSETCATALOG_COMPILER_APPICON_NAME = AppIcon;
				ASSETCATALOG_COMPILER_GLOBAL_ACCENT_COLOR_NAME = AccentColor;
				CODE_SIGN_STYLE = Automatic;
				DEVELOPMENT_ASSET_PATHS = "\"textField/Preview Content\"";
				ENABLE_PREVIEWS = YES;
				INFOPLIST_FILE = textField/Info.plist;
				IPHONEOS_DEPLOYMENT_TARGET = 14.0;
				LD_RUNPATH_SEARCH_PATHS = (
					"$(inherited)",
					"@executable_path/Frameworks",
				);
				PRODUCT_BUNDLE_IDENTIFIER = "Juicy-Call.textField";
				PRODUCT_NAME = "$(TARGET_NAME)";
				SWIFT_VERSION = 5.0;
				TARGETED_DEVICE_FAMILY = "1,2";
			};
			name = Release;
		};
		EA452C24256FD4280061ACCD /* Debug */ = {
			isa = XCBuildConfiguration;
			buildSettings = {
				ALWAYS_EMBED_SWIFT_STANDARD_LIBRARIES = YES;
				BUNDLE_LOADER = "$(TEST_HOST)";
				CODE_SIGN_STYLE = Automatic;
				INFOPLIST_FILE = textFieldTests/Info.plist;
				IPHONEOS_DEPLOYMENT_TARGET = 14.0;
				LD_RUNPATH_SEARCH_PATHS = (
					"$(inherited)",
					"@executable_path/Frameworks",
					"@loader_path/Frameworks",
				);
				PRODUCT_BUNDLE_IDENTIFIER = "Juicy-Call.textFieldTests";
				PRODUCT_NAME = "$(TARGET_NAME)";
				SWIFT_VERSION = 5.0;
				TARGETED_DEVICE_FAMILY = "1,2";
				TEST_HOST = "$(BUILT_PRODUCTS_DIR)/textField.app/textField";
			};
			name = Debug;
		};
		EA452C25256FD4280061ACCD /* Release */ = {
			isa = XCBuildConfiguration;
			buildSettings = {
				ALWAYS_EMBED_SWIFT_STANDARD_LIBRARIES = YES;
				BUNDLE_LOADER = "$(TEST_HOST)";
				CODE_SIGN_STYLE = Automatic;
				INFOPLIST_FILE = textFieldTests/Info.plist;
				IPHONEOS_DEPLOYMENT_TARGET = 14.0;
				LD_RUNPATH_SEARCH_PATHS = (
					"$(inherited)",
					"@executable_path/Frameworks",
					"@loader_path/Frameworks",
				);
				PRODUCT_BUNDLE_IDENTIFIER = "Juicy-Call.textFieldTests";
				PRODUCT_NAME = "$(TARGET_NAME)";
				SWIFT_VERSION = 5.0;
				TARGETED_DEVICE_FAMILY = "1,2";
				TEST_HOST = "$(BUILT_PRODUCTS_DIR)/textField.app/textField";
			};
			name = Release;
		};
		EA452C27256FD4280061ACCD /* Debug */ = {
			isa = XCBuildConfiguration;
			buildSettings = {
				ALWAYS_EMBED_SWIFT_STANDARD_LIBRARIES = YES;
				CODE_SIGN_STYLE = Automatic;
				INFOPLIST_FILE = textFieldUITests/Info.plist;
				LD_RUNPATH_SEARCH_PATHS = (
					"$(inherited)",
					"@executable_path/Frameworks",
					"@loader_path/Frameworks",
				);
				PRODUCT_BUNDLE_IDENTIFIER = "Juicy-Call.textFieldUITests";
				PRODUCT_NAME = "$(TARGET_NAME)";
				SWIFT_VERSION = 5.0;
				TARGETED_DEVICE_FAMILY = "1,2";
				TEST_TARGET_NAME = textField;
			};
			name = Debug;
		};
		EA452C28256FD4280061ACCD /* Release */ = {
			isa = XCBuildConfiguration;
			buildSettings = {
				ALWAYS_EMBED_SWIFT_STANDARD_LIBRARIES = YES;
				CODE_SIGN_STYLE = Automatic;
				INFOPLIST_FILE = textFieldUITests/Info.plist;
				LD_RUNPATH_SEARCH_PATHS = (
					"$(inherited)",
					"@executable_path/Frameworks",
					"@loader_path/Frameworks",
				);
				PRODUCT_BUNDLE_IDENTIFIER = "Juicy-Call.textFieldUITests";
				PRODUCT_NAME = "$(TARGET_NAME)";
				SWIFT_VERSION = 5.0;
				TARGETED_DEVICE_FAMILY = "1,2";
				TEST_TARGET_NAME = textField;
			};
			name = Release;
		};
/* End XCBuildConfiguration section */

/* Begin XCConfigurationList section */
		EA452BF6256FD4270061ACCD /* Build configuration list for PBXProject "textField" */ = {
			isa = XCConfigurationList;
			buildConfigurations = (
				EA452C1E256FD4280061ACCD /* Debug */,
				EA452C1F256FD4280061ACCD /* Release */,
			);
			defaultConfigurationIsVisible = 0;
			defaultConfigurationName = Release;
		};
		EA452C20256FD4280061ACCD /* Build configuration list for PBXNativeTarget "textField" */ = {
			isa = XCConfigurationList;
			buildConfigurations = (
				EA452C21256FD4280061ACCD /* Debug */,
				EA452C22256FD4280061ACCD /* Release */,
			);
			defaultConfigurationIsVisible = 0;
			defaultConfigurationName = Release;
		};
		EA452C23256FD4280061ACCD /* Build configuration list for PBXNativeTarget "textFieldTests" */ = {
			isa = XCConfigurationList;
			buildConfigurations = (
				EA452C24256FD4280061ACCD /* Debug */,
				EA452C25256FD4280061ACCD /* Release */,
			);
			defaultConfigurationIsVisible = 0;
			defaultConfigurationName = Release;
		};
		EA452C26256FD4280061ACCD /* Build configuration list for PBXNativeTarget "textFieldUITests" */ = {
			isa = XCConfigurationList;
			buildConfigurations = (
				EA452C27256FD4280061ACCD /* Debug */,
				EA452C28256FD4280061ACCD /* Release */,
			);
			defaultConfigurationIsVisible = 0;
			defaultConfigurationName = Release;
		};
/* End XCConfigurationList section */
	};
	rootObject = EA452BF3256FD4270061ACCD /* Project object */;
}
